github.com/davecgh/go-spew v1.1.1 h1:vj9j/33wvbyD0wAKS8ZEvZJmkF8alYnvSzrxfSKS8=
github.com/davecgh/go-spew v1.1.1/go.mod h1:J7Y8YcW2NihsgmVo/mv3lAwl/skON4iLHjSsI+c5H8=
github.com/emicklei/go-restful/v3 v3.11.0 h1:rRKY/Clgi90rjjlKjyV119Pffo+8tIY4jMGZWPvWL8=
github.com/emicklei/go-restful/v3 v3.11.0/go.mod h1:6n3XBCmMSBcHj5qWLjwmRjIr2PoPMrKO7nZ8/cVX8=
github.com/evanphx/json-patch/v5 v5.6.0 h1:b+NyLRjCJSTuHS+DA9o0Tu1372TU32dEzjwbkpC0c0=
github.com/evanphx/json-patch/v5 v5.6.0/go.mod h1:G79N1coSVmVUNS8BnFSCmrVYPNfzauAVgmbenchB/ys=
github.com/fsnotify/fsnotify v1.6.0 h1:ngwn82ci+rvxt2E2Srw9d91vMZLj4p0Bcc1yIIa+5Y=
github.com/fsnotify/fsnotify v1.6.0/go.mod h1:7VJkx17O20Plt2SQesa0L8JuF1aNeVrLNEXE8ByZNw=
github.com/go-logr/logr v1.2.4 h1:g01GSCwiDw2xSZfjJ2/T9M+S6+20AUrzLSnMgqPbFM=
github.com/go-logr/logr v1.2.4/go.mod h1:jdQByPbusPIv2/zmleS9BjJVeZ6kBagPoEUsqbVz/I=
github.com/go-logr/zapr v1.2.4 h1:QHVo+6stLbfJmYGkQ7uGHUCu5rrAFc0DY37F0MH13A=
github.com/go-logr/zapr v1.2.4/go.mod h1:FyWgC/yNuGj7Q9rpYRZvVQOcWkwo+H6LSt0KcqjsCU=
github.com/go-openapi/jsonpointer v0.19.6 h1:eCS0xNYnvBwy0V9KTM/LhkqCFIsNrwh9rtO1OLiYKg=
github.com/go-openapi/jsonpointer v0.19.6/go.mod h1:osyAmYz/mB/C3I+WsTTSgv0F0p4Ypv5mJKMucY6xmQ=
github.com/go-openapi/jsonreference v0.20.2 h1:3sVjiK66+uR+namNcGzPHEN14Z3mkwGmZghUsi5Hg0=
github.com/go-openapi/jsonreference v0.20.2/go.mod h1:Bl1zwbSd32h0XZ3PgiusrPzpadGqO52I2SSYvvwKcQ=
github.com/go-openapi/swag v0.22.3 h1:yMBqmnQ0gyZvEb/+KzuWZOXgljlB73eYWrokqKeQX8=
github.com/go-openapi/swag v0.22.3/go.mod h1:UzaqsxGiab7frZrE/K9F4Ub+MmrJn3dqVWe0VaOJnY=
github.com/gogo/protobuf v1.3.2 h1:Ov1cvc58UF3b5XQbQG4PybtRaCEFnNstY+FcMvYcFA=
github.com/gogo/protobuf v1.3.2/go.mod h1:V0NHM59peYn0LgrJfJFZN5D2H63vrVG/S/QlIFXtjQ=
github.com/golang/groupcache v0.0.0-20210331224755-41bb18bfe9da h1:rFjrwRUZJX3sqHZGYaETNLKncF9t6P+e+zXvzKbNC0=
github.com/golang/groupcache v0.0.0-20210331224755-41bb18bfe9da/go.mod h1:cIg4eruTrX1D+g88fzRXU5OdNfaM+9IcxsU14FJIOY=
github.com/golang/protobuf v1.5.3 h1:KquintG02xs2ggEXcZRSQyNaN4P7wxGoMnqstLXTvES=
github.com/golang/protobuf v1.5.3/go.mod h1:XVQd3VNwM+JqD3oG2Ue2ip4fOMUkwXMllV2=
github.com/google/gnostic-models v0.6.8 h1:yo/ABAfM5IMRsS1VnXjTnxUldrPo59IBFAv9jIwZ/4=
github.com/google/gnostic-models v0.6.8/go.mod h1:5n7qKqH0f5wFt+aWF8CW6pZLLcac4+b6Fps65YhMYs=
github.com/google/go-cmp v0.5.9 h1:O2Tfq5qg4qc4AmwVlvv0oLiVAGB7enBSJ2x2DqB5Da=
github.com/google/go-cmp v0.5.9/go.mod h1:17dUlkBOakJ0+DkrSSNNPwLsarV83j/ufrGQwRI3dg=
github.com/google/gofuzz v1.2.0 h1:xRy4A+RhZaiKjJ1bPfwQ0kgU+OcCmbDtn6nMVyvHws=
github.com/google/gofuzz v1.2.0/go.mod h1:dBl0BpW6vV/+mYPU4Go0mUocP6avcLmstGoNhm+qCM=
github.com/google/uuid v1.3.0 h1:t6JiKAKnAIgZbfGQ8y3bAkWG6V2NaVQJ+CpZfxfWCY=
github.com/google/uuid v1.3.0/go.mod h1:TIyPZe4MgqvfeYDBFedMoGGpEw/LqYnfvaoOoeeIyU=
github.com/imdario/mergo v0.3.6 h1:xTNEAn+kxVO7dTZGu0CySaxKxoNf1sBq0V2EQkX75w=
github.com/imdario/mergo v0.3.6/go.mod h1:2EnlNZ0deacrJVfApfmtdGgDfwwfYNLiiL92TRhKKY=
github.com/josharian/intern v1.0.0 h1:vlS4z54oSdjm0bgjRigaEeskaU8P8WebxK7cTLJCTI=
github.com/josharian/intern v1.0.0/go.mod h1:5DoeVV0s6usSME6m8cL94rcLsM3k5SlomiaW+ct+DM=
github.com/json-iterator/go v1.1.12 h1:PV8peI4a0ysnczrg+LtxykD8LfKY9ML6u2QJNuNz3c=
github.com/json-iterator/go v1.1.12/go.mod h1:e30LSqwooZae/UwlEbR2852Gd8vFmmX12/3c6cNvND=
github.com/mailru/easyjson v0.7.7 h1:UGYAvKxe3sBsEDzO8ZeWOSlIQfW+0Jnwea+7j6gsH8=
github.com/mailru/easyjson v0.7.7/go.mod h1:xzfreul335dDkstiesMP8OyRqY+Zl5NwpzqZgILx4nY=
github.com/modern-go/concurrent v0.0.0-20180306012644-bacd9c7ef1dd h1:TRLaZ9cD8bl93vNrQQ6RrEuFVVdixWuVvxi+MrHnlE=
github.com/modern-go/concurrent v0.0.0-20180306012644-bacd9c7ef1dd/go.mod h1:xIAoS4zIvmIDn9j+xcxnqX4Tfl3fcSP+3kSSryUjSM=
github.com/modern-go/reflect2 v1.0.2 h1:xBagoLtFs94CBntxluL35b3cV1qvfgqcarT/uzM5NI=
github.com/modern-go/reflect2 v1.0.2/go.mod h1:yWuevngMOJpCeKWxseA8w+ZyPC9TsNrnywm0kjZhrE=
github.com/munnerz/goautoneg v0.0.0-20191010083416-a7dc8b61c822 h1:C3w9PqII01/Oq1de0QVkaI+jZsa51QxZOtLAS/3aFw=
github.com/munnerz/goautoneg v0.0.0-20191010083416-a7dc8b61c822/go.mod h1:+n7T8mK8HuQTcFwEeznm/DIxNlDDnzqvzNeCduEvqc=
github.com/pkg/errors v0.9.1 h1:FEBLx1zS214owpjy7qsBeixbURZLIPwdB+WbWI0G7c=
github.com/pkg/errors v0.9.1/go.mod h1:bwawxfHBFNV+L2hUp1rHADofV3IMwey+h3qM9PwNA8=
github.com/spf13/pflag v1.0.5 h1:iy+VFUOCP1a+8yFto/9DYr9BJeStG0GVy9360w/wVo=
github.com/spf13/pflag v1.0.5/go.mod h1:McXfInJRrz4CZDxbjiBLARYZtHlAucXQEJIaSYIvNw=
go.uber.org/multierr v1.11.0 h1:blXXJkSxSSfBVBlC2gZ5Uo6ACS9eyJyaKM91eItzL8=
go.uber.org/multierr v1.11.0/go.mod h1:20+QtB8eSmuRQ+CW/9zrk/HDJUAA7XYzS0u6f63EWo=
go.uber.org/zap v1.25.0 h1:4Nwjto6khsKX8xj0qlxWQjObr2sVEIVKW75R4K60nE=
go.uber.org/zap v1.25.0/go.mod h1:JIAUzQC6LeVAFdsSXg4zhZL+PH2LSn2w++NXrP8XdE=
golang.org/x/net v0.17.0 h1:mNRP5Z921MgdKnA/xOmxTimhDAxn6r/2SnyQOm8dlI=
golang.org/x/net v0.17.0/go.mod h1:NxSsKHKUQcla+l5YmF2SBb+4aq/AskQrCV7/FKp0s=
golang.org/x/oauth2 v0.8.0 h1:6dkIjMSV0x6++SroPwRxQJrOKZVpP7djL643Epojkw=
golang.org/x/oauth2 v0.8.0/go.mod h1:yr7u4HXZRm5R7xLCaWFMKJMMQOUyR4nDY7sVWOJ+3c=
golang.org/x/sys v0.13.0 h1:Af8nKPmuFypiUBjVoU9V1ARULaknouveau+O7lgH7KqnE=
golang.org/x/sys v0.13.0/go.mod h1:oPkhp1MjuhygmsCOrc/NILb50ymbqLuIY8yaYd8+5I=
golang.org/x/term v0.13.0 h1:lw7vk2jAmsMInjmE4QwlAnmwODoKQP2L7f2vCW1on8=
golang.org/x/term v0.13.0/go.mod h1:np+2ekN4tWFd+45Y5nK8LGc4V1CTZegrita4lerjQI=
golang.org/x/text v0.13.0 h1:ablQoSUd0tRdKxZTKcvyD/qSstNrVMFqjcWxrnAaZs=
golang.org/x/text v0.13.0/go.mod h1:TvPlkZpt7CYevLbV0gy7Q763zenQvm3dQVzgkJ7NuM=
golang.org/x/time v0.3.0 h1:rg5rLMsqvmfrvp2K9mtnu45aNeq7YMzF2Qfxgto4KY=
golang.org/x/time v0.3.0/go.mod h1:rZfgFAXFS/+vtlIL6F04LOmuy/9UZVqT38Z0qybIcta=
gomodules.xyz/jsonpatch/v2 v2.4.0 h1:fUKpq/VlKKGBQd7ksbsFMM3m0i9T00rLr2ySTv8nKE=
gomodules.xyz/jsonpatch/v2 v2.4.0/go.mod h1:AH3dM2RI6uoBchxCo8y6lbjmD4l+sSARjsKT+pfrI4=
google.golang.org/appengine v1.6.7 h1:FZR1q0exgwxzPvA9KLWLVz5ztEUnP0fASf+oiJfnka=
google.golang.org/appengine v1.6.7/go.mod h1:8WjMMxjGQR8xUklV/AR5YOoJKGX7RdwhlIC5N4vo28=
google.golang.org/protobuf v1.31.0 h1:g0LDEJHgrBl9N9r17Ru3sqWhkIx2NB67okBHPwC7Yc=
google.golang.org/protobuf v1.31.0/go.mod h1:HXc8U+SMHRDfQjLib/T2moYqQy2J33I+OTYEEOFQE0=
gopkg.in/inf.v0 v0.9.1 h1:73M5CoZyi3ZLmYkGg+JdMI5f4I6gMESwv+v6sW0L6A=
gopkg.in/inf.v0 v0.9.1/go.mod h1:cWUDdTG/fYaXco+z3mPE+3IANMaP9eL/jN+rdaHwg=
gopkg.in/yaml.v2 v2.4.0 h1:D8xgwECY7CYvx+Y2cgc1T9Qw97N1BUAoMcxkstF8Ok=
gopkg.in/yaml.v2 v2.4.0/go.mod h1:RDklbk79AGWmwhnryvjnUmnkqgk7xFG+pAkJ06e7nM=
gopkg.in/yaml.v3 v3.0.1 h1:fxVm/GzulhFknWhAIlSEpHmj8OTBS5XWilRM6FSudA=
gopkg.in/yaml.v3 v3.0.1/go.mod h1:K4uyk+87FSLWpLMNs+Z+4eC0SeHwII+c+IvJrdPLi8=
k8s.io/api v0.28.3 h1:2lFc76CyH+r0Z0YEAyaBN/kB4JbKkMCGAX8xAkGmKE=
k8s.io/api v0.28.3/go.mod h1:2vd/aY5YJcBNwGFWL0gDjlqJS6FS0G8jDvO1MVRQ/4=
k8s.io/apimachinery v0.28.3 h1:twN/nLlD8cJ/pn3d5+BF4d8b33NbqhN8B0HhYy9wV4=
k8s.io/apimachinery v0.28.3/go.mod h1:7xJUN3ci0xEZRznVAKSLcWkZKL0BqKQRXaIDUF5W9A=
k8s.io/apiextensions-apiserver v0.28.3 h1:DYZ5K8Y5VXb1qKGnzp72rKRw6aPJv9L9gJLbpJFCnY=
k8s.io/apiextensions-apiserver v0.28.3/go.mod h1:K9J5A8fSRHsYxRzvAjBflHI+TS9xMUIZlQ6Ss0r5CM=
k8s.io/client-go v0.28.3 h1:lKILvO4KKz6O0HiBLGx9pMKFekFj6p67g3o1IIPQ0E=
k8s.io/client-go v0.28.3/go.mod h1:bBv3L3ek07EXwR4GW0cFJ6SYt5ib57p2c3kVLqI7mw=
k8s.io/component-base v0.28.3 h1:7fAj/dYQfBZ5EpQs5d8xPKkLVsW59VZLd34JQuJVAk=
k8s.io/component-base v0.28.3/go.mod h1:V3hTRNDC9A3FKLb8b6MNlDJ7kbLXZ9YJOUsKzMXzVA=
k8s.io/klog/v2 v2.100.1 h1:7WCHKK2NdeFDKqack8PYJ2QK3jFsYWQC6qlsxQ+Twk=
k8s.io/klog/v2 v2.100.1/go.mod h1:y1WjHnz7Dj687irZvM0BNnJ7PRM6aO6Thp5eFi+5OY=
k8s.io/kube-openapi v0.0.0-20230717233707-2695361300d9 h1:LA03+tEqSlLxPSXn2rylEcU6dPkQK0A8c6oeKKhP7c=
k8s.io/kube-openapi v0.0.0-20230717233707-2695361300d9/go.mod h1:5LsPMWlp/wZvU0vxhX/+LrX3e6WQJVfbKPgR3H6qk4=
k8s.io/utils v0.0.0-20230406110748-d93618cff8a2 h1:qwKIMV53vNxOd5VP1aDZ8hfWZrgJVN1vHGSQPHPBfg=
k8s.io/utils v0.0.0-20230406110748-d93618cff8a2/go.mod h1:OLgZIPagt7ERELqWJFomSt595qmVQFDcmigIrxndtY=
sigs.k8s.io/controller-runtime v0.16.3 h1:2gVJ9SHLLDPwGMfqmOI42tEj7r3OVceTE8EwD5oKDI=
sigs.k8s.io/controller-runtime v0.16.3/go.mod h1:jMolS+2QlPczhdebtchN+b3xbNQaVV0nKUgsXAir5Y=
sigs.k8s.io/json v0.0.0-20221116044647-bc3834ca7abd h1:EDPBXCAspyGV4jQlJ9hL8JgO31V+cXmAqMGIrNP2nw=
sigs.k8s.io/json v0.0.0-20221116044647-bc3834ca7abd/go.mod h1:z8n1p/yxV9xFxoPKJ9JjfXaIJKvKUZupiSw1yEUKKc=
sigs.k8s.io/structured-merge-diff/v4 v4.3.0 h1:UZbZAZfX0wVCigij0QCevzV5l8sSJRz5q8/4ct+7Gc=
sigs.k8s.io/structured-merge-diff/v4 v4.3.0/go.mod h1:N8hJoCHeiliantlqe00fSgHbZu/5sFK9q3lLkoKjow=
sigs.k8s.io/yaml v1.3.0 h1:a2VclLzOGrwOHDiV8EfBGhvjHcQwLNSrMyEPkC42II=
sigs.k8s.io/yaml v1.3.0/go.mod h1:GeOyir5tyXNByN85xvcrOR3Kf987+yMGJJklIcsPqA=
